// !$*UTF8*$!
{
	archiveVersion = 1;
	classes = {
	};
	objectVersion = 55;
	objects = {

/* Begin PBXBuildFile section */
		B3539F9927B06B39009C23EF /* AppDelegate.swift in Sources */ = {isa = PBXBuildFile; fileRef = B3539F9827B06B39009C23EF /* AppDelegate.swift */; };
		B3539F9B27B06B39009C23EF /* SceneDelegate.swift in Sources */ = {isa = PBXBuildFile; fileRef = B3539F9A27B06B39009C23EF /* SceneDelegate.swift */; };
		B3539F9D27B06B39009C23EF /* ViewController.swift in Sources */ = {isa = PBXBuildFile; fileRef = B3539F9C27B06B39009C23EF /* ViewController.swift */; };
		B3539FA027B06B39009C23EF /* Main.storyboard in Resources */ = {isa = PBXBuildFile; fileRef = B3539F9E27B06B39009C23EF /* Main.storyboard */; };
		B3539FA227B06B3A009C23EF /* Assets.xcassets in Resources */ = {isa = PBXBuildFile; fileRef = B3539FA127B06B3A009C23EF /* Assets.xcassets */; };
		B3539FA527B06B3A009C23EF /* LaunchScreen.storyboard in Resources */ = {isa = PBXBuildFile; fileRef = B3539FA327B06B3A009C23EF /* LaunchScreen.storyboard */; };
		B3539FB127B070AD009C23EF /* StarsParticles.scnp in Resources */ = {isa = PBXBuildFile; fileRef = B3539FB027B070AD009C23EF /* StarsParticles.scnp */; };
		B3539FB327B07518009C23EF /* EarthNode.swift in Sources */ = {isa = PBXBuildFile; fileRef = B3539FB227B07518009C23EF /* EarthNode.swift */; };
/* End PBXBuildFile section */

/* Begin PBXFileReference section */
		B3539F9527B06B39009C23EF /* 3dEarth.app */ = {isa = PBXFileReference; explicitFileType = wrapper.application; includeInIndex = 0; path = 3dEarth.app; sourceTree = BUILT_PRODUCTS_DIR; };
		B3539F9827B06B39009C23EF /* AppDelegate.swift */ = {isa = PBXFileReference; lastKnownFileType = sourcecode.swift; path = AppDelegate.swift; sourceTree = "<group>"; };
		B3539F9A27B06B39009C23EF /* SceneDelegate.swift */ = {isa = PBXFileReference; lastKnownFileType = sourcecode.swift; path = SceneDelegate.swift; sourceTree = "<group>"; };
		B3539F9C27B06B39009C23EF /* ViewController.swift */ = {isa = PBXFileReference; lastKnownFileType = sourcecode.swift; path = ViewController.swift; sourceTree = "<group>"; };
		B3539F9F27B06B39009C23EF /* Base */ = {isa = PBXFileReference; lastKnownFileType = file.storyboard; name = Base; path = Base.lproj/Main.storyboard; sourceTree = "<group>"; };
		B3539FA127B06B3A009C23EF /* Assets.xcassets */ = {isa = PBXFileReference; lastKnownFileType = folder.assetcatalog; path = Assets.xcassets; sourceTree = "<group>"; };
		B3539FA427B06B3A009C23EF /* Base */ = {isa = PBXFileReference; lastKnownFileType = file.storyboard; name = Base; path = Base.lproj/LaunchScreen.storyboard; sourceTree = "<group>"; };
		B3539FA627B06B3A009C23EF /* Info.plist */ = {isa = PBXFileReference; lastKnownFileType = text.plist.xml; path = Info.plist; sourceTree = "<group>"; };
		B3539FB027B070AD009C23EF /* StarsParticles.scnp */ = {isa = PBXFileReference; lastKnownFileType = file.scp; path = StarsParticles.scnp; sourceTree = "<group>"; };
		B3539FB227B07518009C23EF /* EarthNode.swift */ = {isa = PBXFileReference; lastKnownFileType = sourcecode.swift; path = EarthNode.swift; sourceTree = "<group>"; };
/* End PBXFileReference section */

/* Begin PBXFrameworksBuildPhase section */
		B3539F9227B06B39009C23EF /* Frameworks */ = {
			isa = PBXFrameworksBuildPhase;
			buildActionMask = 2147483647;
			files = (
			);
			runOnlyForDeploymentPostprocessing = 0;
		};
/* End PBXFrameworksBuildPhase section */

/* Begin PBXGroup section */
		B3539F8C27B06B39009C23EF = {
			isa = PBXGroup;
			children = (
				B3539F9727B06B39009C23EF /* 3dEarth */,
				B3539F9627B06B39009C23EF /* Products */,
			);
			sourceTree = "<group>";
		};
		B3539F9627B06B39009C23EF /* Products */ = {
			isa = PBXGroup;
			children = (
				B3539F9527B06B39009C23EF /* 3dEarth.app */,
			);
			name = Products;
			sourceTree = "<group>";
		};
		B3539F9727B06B39009C23EF /* 3dEarth */ = {
			isa = PBXGroup;
			children = (
				B3539FB227B07518009C23EF /* EarthNode.swift */,
				B3539F9827B06B39009C23EF /* AppDelegate.swift */,
				B3539F9A27B06B39009C23EF /* SceneDelegate.swift */,
				B3539F9C27B06B39009C23EF /* ViewController.swift */,
				B3539FB027B070AD009C23EF /* StarsParticles.scnp */,
				B3539F9E27B06B39009C23EF /* Main.storyboard */,
				B3539FA127B06B3A009C23EF /* Assets.xcassets */,
				B3539FA327B06B3A009C23EF /* LaunchScreen.storyboard */,
				B3539FA627B06B3A009C23EF /* Info.plist */,
			);
			path = 3dEarth;
			sourceTree = "<group>";
		};
/* End PBXGroup section */

/* Begin PBXNativeTarget section */
		B3539F9427B06B39009C23EF /* 3dEarth */ = {
			isa = PBXNativeTarget;
			buildConfigurationList = B3539FA927B06B3A009C23EF /* Build configuration list for PBXNativeTarget "3dEarth" */;
			buildPhases = (
				B3539F9127B06B39009C23EF /* Sources */,
				B3539F9227B06B39009C23EF /* Frameworks */,
				B3539F9327B06B39009C23EF /* Resources */,
			);
			buildRules = (
			);
			dependencies = (
			);
			name = 3dEarth;
			productName = 3dEarth;
			productReference = B3539F9527B06B39009C23EF /* 3dEarth.app */;
			productType = "com.apple.product-type.application";
		};
/* End PBXNativeTarget section */

/* Begin PBXProject section */
		B3539F8D27B06B39009C23EF /* Project object */ = {
			isa = PBXProject;
			attributes = {
				BuildIndependentTargetsInParallel = 1;
				LastSwiftUpdateCheck = 1320;
				LastUpgradeCheck = 1320;
				TargetAttributes = {
					B3539F9427B06B39009C23EF = {
						CreatedOnToolsVersion = 13.2;
					};
				};
			};
			buildConfigurationList = B3539F9027B06B39009C23EF /* Build configuration list for PBXProject "3dEarth" */;
			compatibilityVersion = "Xcode 13.0";
			developmentRegion = en;
			hasScannedForEncodings = 0;
			knownRegions = (
				en,
				Base,
			);
			mainGroup = B3539F8C27B06B39009C23EF;
			productRefGroup = B3539F9627B06B39009C23EF /* Products */;
			projectDirPath = "";
			projectRoot = "";
			targets = (
				B3539F9427B06B39009C23EF /* 3dEarth */,
			);
		};
/* End PBXProject section */

/* Begin PBXResourcesBuildPhase section */
		B3539F9327B06B39009C23EF /* Resources */ = {
			isa = PBXResourcesBuildPhase;
			buildActionMask = 2147483647;
			files = (
				B3539FB127B070AD009C23EF /* StarsParticles.scnp in Resources */,
				B3539FA527B06B3A009C23EF /* LaunchScreen.storyboard in Resources */,
				B3539FA227B06B3A009C23EF /* Assets.xcassets in Resources */,
				B3539FA027B06B39009C23EF /* Main.storyboard in Resources */,
			);
			runOnlyForDeploymentPostprocessing = 0;
		};
/* End PBXResourcesBuildPhase section */

/* Begin PBXSourcesBuildPhase section */
		B3539F9127B06B39009C23EF /* Sources */ = {
			isa = PBXSourcesBuildPhase;
			buildActionMask = 2147483647;
			files = (
				B3539FB327B07518009C23EF /* EarthNode.swift in Sources */,
				B3539F9D27B06B39009C23EF /* ViewController.swift in Sources */,
				B3539F9927B06B39009C23EF /* AppDelegate.swift in Sources */,
				B3539F9B27B06B39009C23EF /* SceneDelegate.swift in Sources */,
			);
			runOnlyForDeploymentPostprocessing = 0;
		};
/* End PBXSourcesBuildPhase section */

/* Begin PBXVariantGroup section */
		B3539F9E27B06B39009C23EF /* Main.storyboard */ = {
			isa = PBXVariantGroup;
			children = (
				B3539F9F27B06B39009C23EF /* Base */,
			);
			name = Main.storyboard;
			sourceTree = "<group>";
		};
		B3539FA327B06B3A009C23EF /* LaunchScreen.storyboard */ = {
			isa = PBXVariantGroup;
			children = (
				B3539FA427B06B3A009C23EF /* Base */,
			);
			name = LaunchScreen.storyboard;
			sourceTree = "<group>";
		};
/* End PBXVariantGroup section */

/* Begin XCBuildConfiguration section */
		B3539FA727B06B3A009C23EF /* Debug */ = {
			isa = XCBuildConfiguration;
			buildSettings = {
				ALWAYS_SEARCH_USER_PATHS = NO;
				CLANG_ANALYZER_NONNULL = YES;
				CLANG_ANALYZER_NUMBER_OBJECT_CONVERSION = YES_AGGRESSIVE;
				CLANG_CXX_LANGUAGE_STANDARD = "gnu++17";
				CLANG_CXX_LIBRARY = "libc++";
				CLANG_ENABLE_MODULES = YES;
				CLANG_ENABLE_OBJC_ARC = YES;
				CLANG_ENABLE_OBJC_WEAK = YES;
				CLANG_WARN_BLOCK_CAPTURE_AUTORELEASING = YES;
				CLANG_WARN_BOOL_CONVERSION = YES;
				CLANG_WARN_COMMA = YES;
				CLANG_WARN_CONSTANT_CONVERSION = YES;
				CLANG_WARN_DEPRECATED_OBJC_IMPLEMENTATIONS = YES;
				CLANG_WARN_DIRECT_OBJC_ISA_USAGE = YES_ERROR;
				CLANG_WARN_DOCUMENTATION_COMMENTS = YES;
				CLANG_WARN_EMPTY_BODY = YES;
				CLANG_WARN_ENUM_CONVERSION = YES;
				CLANG_WARN_INFINITE_RECURSION = YES;
				CLANG_WARN_INT_CONVERSION = YES;
				CLANG_WARN_NON_LITERAL_NULL_CONVERSION = YES;
				CLANG_WARN_OBJC_IMPLICIT_RETAIN_SELF = YES;
				CLANG_WARN_OBJC_LITERAL_CONVERSION = YES;
				CLANG_WARN_OBJC_ROOT_CLASS = YES_ERROR;
				CLANG_WARN_QUOTED_INCLUDE_IN_FRAMEWORK_HEADER = YES;
				CLANG_WARN_RANGE_LOOP_ANALYSIS = YES;
				CLANG_WARN_STRICT_PROTOTYPES = YES;
				CLANG_WARN_SUSPICIOUS_MOVE = YES;
				CLANG_WARN_UNGUARDED_AVAILABILITY = YES_AGGRESSIVE;
				CLANG_WARN_UNREACHABLE_CODE = YES;
				CLANG_WARN__DUPLICATE_METHOD_MATCH = YES;
				COPY_PHASE_STRIP = NO;
				DEBUG_INFORMATION_FORMAT = dwarf;
				ENABLE_STRICT_OBJC_MSGSEND = YES;
				ENABLE_TESTABILITY = YES;
				GCC_C_LANGUAGE_STANDARD = gnu11;
				GCC_DYNAMIC_NO_PIC = NO;
				GCC_NO_COMMON_BLOCKS = YES;
				GCC_OPTIMIZATION_LEVEL = 0;
				GCC_PREPROCESSOR_DEFINITIONS = (
					"DEBUG=1",
					"$(inherited)",
				);
				GCC_WARN_64_TO_32_BIT_CONVERSION = YES;
				GCC_WARN_ABOUT_RETURN_TYPE = YES_ERROR;
				GCC_WARN_UNDECLARED_SELECTOR = YES;
				GCC_WARN_UNINITIALIZED_AUTOS = YES_AGGRESSIVE;
				GCC_WARN_UNUSED_FUNCTION = YES;
				GCC_WARN_UNUSED_VARIABLE = YES;
				IPHONEOS_DEPLOYMENT_TARGET = 15.2;
				MTL_ENABLE_DEBUG_INFO = INCLUDE_SOURCE;
				MTL_FAST_MATH = YES;
				ONLY_ACTIVE_ARCH = YES;
				SDKROOT = iphoneos;
				SWIFT_ACTIVE_COMPILATION_CONDITIONS = DEBUG;
				SWIFT_OPTIMIZATION_LEVEL = "-Onone";
			};
			name = Debug;
		};
		B3539FA827B06B3A009C23EF /* Release */ = {
			isa = XCBuildConfiguration;
			buildSettings = {
				ALWAYS_SEARCH_USER_PATHS = NO;
				CLANG_ANALYZER_NONNULL = YES;
				CLANG_ANALYZER_NUMBER_OBJECT_CONVERSION = YES_AGGRESSIVE;
				CLANG_CXX_LANGUAGE_STANDARD = "gnu++17";
				CLANG_CXX_LIBRARY = "libc++";
				CLANG_ENABLE_MODULES = YES;
				CLANG_ENABLE_OBJC_ARC = YES;
				CLANG_ENABLE_OBJC_WEAK = YES;
				CLANG_WARN_BLOCK_CAPTURE_AUTORELEASING = YES;
				CLANG_WARN_BOOL_CONVERSION = YES;
				CLANG_WARN_COMMA = YES;
				CLANG_WARN_CONSTANT_CONVERSION = YES;
				CLANG_WARN_DEPRECATED_OBJC_IMPLEMENTATIONS = YES;
				CLANG_WARN_DIRECT_OBJC_ISA_USAGE = YES_ERROR;
				CLANG_WARN_DOCUMENTATION_COMMENTS = YES;
				CLANG_WARN_EMPTY_BODY = YES;
				CLANG_WARN_ENUM_CONVERSION = YES;
				CLANG_WARN_INFINITE_RECURSION = YES;
				CLANG_WARN_INT_CONVERSION = YES;
				CLANG_WARN_NON_LITERAL_NULL_CONVERSION = YES;
				CLANG_WARN_OBJC_IMPLICIT_RETAIN_SELF = YES;
				CLANG_WARN_OBJC_LITERAL_CONVERSION = YES;
				CLANG_WARN_OBJC_ROOT_CLASS = YES_ERROR;
				CLANG_WARN_QUOTED_INCLUDE_IN_FRAMEWORK_HEADER = YES;
				CLANG_WARN_RANGE_LOOP_ANALYSIS = YES;
				CLANG_WARN_STRICT_PROTOTYPES = YES;
				CLANG_WARN_SUSPICIOUS_MOVE = YES;
				CLANG_WARN_UNGUARDED_AVAILABILITY = YES_AGGRESSIVE;
				CLANG_WARN_UNREACHABLE_CODE = YES;
				CLANG_WARN__DUPLICATE_METHOD_MATCH = YES;
				COPY_PHASE_STRIP = NO;
				DEBUG_INFORMATION_FORMAT = "dwarf-with-dsym";
				ENABLE_NS_ASSERTIONS = NO;
				ENABLE_STRICT_OBJC_MSGSEND = YES;
				GCC_C_LANGUAGE_STANDARD = gnu11;
				GCC_NO_COMMON_BLOCKS = YES;
				GCC_WARN_64_TO_32_BIT_CONVERSION = YES;
				GCC_WARN_ABOUT_RETURN_TYPE = YES_ERROR;
				GCC_WARN_UNDECLARED_SELECTOR = YES;
				GCC_WARN_UNINITIALIZED_AUTOS = YES_AGGRESSIVE;
				GCC_WARN_UNUSED_FUNCTION = YES;
				GCC_WARN_UNUSED_VARIABLE = YES;
				IPHONEOS_DEPLOYMENT_TARGET = 15.2;
				MTL_ENABLE_DEBUG_INFO = NO;
				MTL_FAST_MATH = YES;
				SDKROOT = iphoneos;
				SWIFT_COMPILATION_MODE = wholemodule;
				SWIFT_OPTIMIZATION_LEVEL = "-O";
				VALIDATE_PRODUCT = YES;
			};
			name = Release;
		};
		B3539FAA27B06B3A009C23EF /* Debug */ = {
			isa = XCBuildConfiguration;
			buildSettings = {
				ASSETCATALOG_COMPILER_APPICON_NAME = AppIcon;
				ASSETCATALOG_COMPILER_GLOBAL_ACCENT_COLOR_NAME = AccentColor;
				CODE_SIGN_STYLE = Automatic;
				CURRENT_PROJECT_VERSION = 1;
				DEVELOPMENT_TEAM = N7QT74V776;
				GENERATE_INFOPLIST_FILE = YES;
				INFOPLIST_FILE = 3dEarth/Info.plist;
				INFOPLIST_KEY_UIApplicationSupportsIndirectInputEvents = YES;
				INFOPLIST_KEY_UILaunchStoryboardName = LaunchScreen;
				INFOPLIST_KEY_UIMainStoryboardFile = Main;
				INFOPLIST_KEY_UISupportedInterfaceOrientations_iPad = "UIInterfaceOrientationPortrait UIInterfaceOrientationPortraitUpsideDown UIInterfaceOrientationLandscapeLeft UIInterfaceOrientationLandscapeRight";
				INFOPLIST_KEY_UISupportedInterfaceOrientations_iPhone = "UIInterfaceOrientationPortrait UIInterfaceOrientationLandscapeLeft UIInterfaceOrientationLandscapeRight";
				LD_RUNPATH_SEARCH_PATHS = (
					"$(inherited)",
					"@executable_path/Frameworks",
				);
				MARKETING_VERSION = 1.0;
				PRODUCT_BUNDLE_IDENTIFIER = "com.mercia.-dEarth";
				PRODUCT_NAME = "$(TARGET_NAME)";
				SWIFT_EMIT_LOC_STRINGS = YES;
				SWIFT_VERSION = 5.0;
				TARGETED_DEVICE_FAMILY = "1,2";
			};
			name = Debug;
		};
		B3539FAB27B06B3A009C23EF /* Release */ = {
			isa = XCBuildConfiguration;
			buildSettings = {
				ASSETCATALOG_COMPILER_APPICON_NAME = AppIcon;
				ASSETCATALOG_COMPILER_GLOBAL_ACCENT_COLOR_NAME = AccentColor;
				CODE_SIGN_STYLE = Automatic;
				CURRENT_PROJECT_VERSION = 1;
				DEVELOPMENT_TEAM = N7QT74V776;
				GENERATE_INFOPLIST_FILE = YES;
				INFOPLIST_FILE = 3dEarth/Info.plist;
				INFOPLIST_KEY_UIApplicationSupportsIndirectInputEvents = YES;
				INFOPLIST_KEY_UILaunchStoryboardName = LaunchScreen;
				INFOPLIST_KEY_UIMainStoryboardFile = Main;
				INFOPLIST_KEY_UISupportedInterfaceOrientations_iPad = "UIInterfaceOrientationPortrait UIInterfaceOrientationPortraitUpsideDown UIInterfaceOrientationLandscapeLeft UIInterfaceOrientationLandscapeRight";
				INFOPLIST_KEY_UISupportedInterfaceOrientations_iPhone = "UIInterfaceOrientationPortrait UIInterfaceOrientationLandscapeLeft UIInterfaceOrientationLandscapeRight";
				LD_RUNPATH_SEARCH_PATHS = (
					"$(inherited)",
					"@executable_path/Frameworks",
				);
				MARKETING_VERSION = 1.0;
				PRODUCT_BUNDLE_IDENTIFIER = "com.mercia.-dEarth";
				PRODUCT_NAME = "$(TARGET_NAME)";
				SWIFT_EMIT_LOC_STRINGS = YES;
				SWIFT_VERSION = 5.0;
				TARGETED_DEVICE_FAMILY = "1,2";
			};
			name = Release;
		};
/* End XCBuildConfiguration section */

/* Begin XCConfigurationList section */
		B3539F9027B06B39009C23EF /* Build configuration list for PBXProject "3dEarth" */ = {
			isa = XCConfigurationList;
			buildConfigurations = (
				B3539FA727B06B3A009C23EF /* Debug */,
				B3539FA827B06B3A009C23EF /* Release */,
			);
			defaultConfigurationIsVisible = 0;
			defaultConfigurationName = Release;
		};
		B3539FA927B06B3A009C23EF /* Build configuration list for PBXNativeTarget "3dEarth" */ = {
			isa = XCConfigurationList;
			buildConfigurations = (
				B3539FAA27B06B3A009C23EF /* Debug */,
				B3539FAB27B06B3A009C23EF /* Release */,
			);
			defaultConfigurationIsVisible = 0;
			defaultConfigurationName = Release;
		};
/* End XCConfigurationList section */
	};
	rootObject = B3539F8D27B06B39009C23EF /* Project object */;
}
